
Microsoft Visual Studio Solution File, Format Version 12.00
# Visual Studio Version 17
VisualStudioVersion = 17.8.34316.72
MinimumVisualStudioVersion = 10.0.40219.1
Project("{FAE04EC0-301F-11D3-BF4B-00C04F79EFBC}") = "TutorialAspnetCoreRazorPages", "TutorialAspnetCoreRazorPages\TutorialAspnetCoreRazorPages.csproj", "{DF312A03-30E2-4B9C-B4E6-2B23D7A1A6D3}"
EndProject
Global
	GlobalSection(SolutionConfigurationPlatforms) = preSolution
		Debug|Any CPU = Debug|Any CPU
		Release|Any CPU = Release|Any CPU
	EndGlobalSection
	GlobalSection(ProjectConfigurationPlatforms) = postSolution
		{DF312A03-30E2-4B9C-B4E6-2B23D7A1A6D3}.Debug|Any CPU.ActiveCfg = Debug|Any CPU
		{DF312A03-30E2-4B9C-B4E6-2B23D7A1A6D3}.Debug|Any CPU.Build.0 = Debug|Any CPU
		{DF312A03-30E2-4B9C-B4E6-2B23D7A1A6D3}.Release|Any CPU.ActiveCfg = Release|Any CPU
		{DF312A03-30E2-4B9C-B4E6-2B23D7A1A6D3}.Release|Any CPU.Build.0 = Release|Any CPU
	EndGlobalSection
	GlobalSection(SolutionProperties) = preSolution
		HideSolutionNode = FALSE
	EndGlobalSection
	GlobalSection(ExtensibilityGlobals) = postSolution
		SolutionGuid = {0EAFD043-8B2C-458F-AB82-CCA7E3D10A4E}
	EndGlobalSection
EndGlobal
